// !$*UTF8*$!
{
	archiveVersion = 1;
	classes = {
	};
	objectVersion = 46;
	objects = {

/* Begin PBXBuildFile section */
		05426D1B1B034840001665A4 /* AppDelegate.swift in Sources */ = {isa = PBXBuildFile; fileRef = 05426D1A1B034840001665A4 /* AppDelegate.swift */; };
		05426D1D1B034840001665A4 /* ViewController.swift in Sources */ = {isa = PBXBuildFile; fileRef = 05426D1C1B034840001665A4 /* ViewController.swift */; };
		05426D201B034840001665A4 /* Main.storyboard in Resources */ = {isa = PBXBuildFile; fileRef = 05426D1E1B034840001665A4 /* Main.storyboard */; };
		05426D221B034840001665A4 /* Images.xcassets in Resources */ = {isa = PBXBuildFile; fileRef = 05426D211B034840001665A4 /* Images.xcassets */; };
		05426D251B034840001665A4 /* LaunchScreen.xib in Resources */ = {isa = PBXBuildFile; fileRef = 05426D231B034840001665A4 /* LaunchScreen.xib */; };
		05426D311B034840001665A4 /* PracticaSwiftTests.swift in Sources */ = {isa = PBXBuildFile; fileRef = 05426D301B034840001665A4 /* PracticaSwiftTests.swift */; };
/* End PBXBuildFile section */

/* Begin PBXContainerItemProxy section */
		05426D2B1B034840001665A4 /* PBXContainerItemProxy */ = {
			isa = PBXContainerItemProxy;
			containerPortal = 05426D0D1B03483F001665A4 /* Project object */;
			proxyType = 1;
			remoteGlobalIDString = 05426D141B03483F001665A4;
			remoteInfo = PracticaSwift;
		};
/* End PBXContainerItemProxy section */

/* Begin PBXFileReference section */
		05426D151B03483F001665A4 /* PracticaSwift.app */ = {isa = PBXFileReference; explicitFileType = wrapper.application; includeInIndex = 0; path = PracticaSwift.app; sourceTree = BUILT_PRODUCTS_DIR; };
		05426D191B03483F001665A4 /* Info.plist */ = {isa = PBXFileReference; lastKnownFileType = text.plist.xml; path = Info.plist; sourceTree = "<group>"; };
		05426D1A1B034840001665A4 /* AppDelegate.swift */ = {isa = PBXFileReference; lastKnownFileType = sourcecode.swift; path = AppDelegate.swift; sourceTree = "<group>"; };
		05426D1C1B034840001665A4 /* ViewController.swift */ = {isa = PBXFileReference; lastKnownFileType = sourcecode.swift; path = ViewController.swift; sourceTree = "<group>"; };
		05426D1F1B034840001665A4 /* Base */ = {isa = PBXFileReference; lastKnownFileType = file.storyboard; name = Base; path = Base.lproj/Main.storyboard; sourceTree = "<group>"; };
		05426D211B034840001665A4 /* Images.xcassets */ = {isa = PBXFileReference; lastKnownFileType = folder.assetcatalog; path = Images.xcassets; sourceTree = "<group>"; };
		05426D241B034840001665A4 /* Base */ = {isa = PBXFileReference; lastKnownFileType = file.xib; name = Base; path = Base.lproj/LaunchScreen.xib; sourceTree = "<group>"; };
		05426D2A1B034840001665A4 /* PracticaSwiftTests.xctest */ = {isa = PBXFileReference; explicitFileType = wrapper.cfbundle; includeInIndex = 0; path = PracticaSwiftTests.xctest; sourceTree = BUILT_PRODUCTS_DIR; };
		05426D2F1B034840001665A4 /* Info.plist */ = {isa = PBXFileReference; lastKnownFileType = text.plist.xml; path = Info.plist; sourceTree = "<group>"; };
		05426D301B034840001665A4 /* PracticaSwiftTests.swift */ = {isa = PBXFileReference; lastKnownFileType = sourcecode.swift; path = PracticaSwiftTests.swift; sourceTree = "<group>"; };
/* End PBXFileReference section */

/* Begin PBXFrameworksBuildPhase section */
		05426D121B03483F001665A4 /* Frameworks */ = {
			isa = PBXFrameworksBuildPhase;
			buildActionMask = 2147483647;
			files = (
			);
			runOnlyForDeploymentPostprocessing = 0;
		};
		05426D271B034840001665A4 /* Frameworks */ = {
			isa = PBXFrameworksBuildPhase;
			buildActionMask = 2147483647;
			files = (
			);
			runOnlyForDeploymentPostprocessing = 0;
		};
/* End PBXFrameworksBuildPhase section */

/* Begin PBXGroup section */
		05426D0C1B03483F001665A4 = {
			isa = PBXGroup;
			children = (
				05426D171B03483F001665A4 /* PracticaSwift */,
				05426D2D1B034840001665A4 /* PracticaSwiftTests */,
				05426D161B03483F001665A4 /* Products */,
			);
			sourceTree = "<group>";
		};
		05426D161B03483F001665A4 /* Products */ = {
			isa = PBXGroup;
			children = (
				05426D151B03483F001665A4 /* PracticaSwift.app */,
				05426D2A1B034840001665A4 /* PracticaSwiftTests.xctest */,
			);
			name = Products;
			sourceTree = "<group>";
		};
		05426D171B03483F001665A4 /* PracticaSwift */ = {
			isa = PBXGroup;
			children = (
				05426D1A1B034840001665A4 /* AppDelegate.swift */,
				05426D1C1B034840001665A4 /* ViewController.swift */,
				05426D1E1B034840001665A4 /* Main.storyboard */,
				05426D211B034840001665A4 /* Images.xcassets */,
				05426D231B034840001665A4 /* LaunchScreen.xib */,
				05426D181B03483F001665A4 /* Supporting Files */,
			);
			path = PracticaSwift;
			sourceTree = "<group>";
		};
		05426D181B03483F001665A4 /* Supporting Files */ = {
			isa = PBXGroup;
			children = (
				05426D191B03483F001665A4 /* Info.plist */,
			);
			name = "Supporting Files";
			sourceTree = "<group>";
		};
		05426D2D1B034840001665A4 /* PracticaSwiftTests */ = {
			isa = PBXGroup;
			children = (
				05426D301B034840001665A4 /* PracticaSwiftTests.swift */,
				05426D2E1B034840001665A4 /* Supporting Files */,
			);
			path = PracticaSwiftTests;
			sourceTree = "<group>";
		};
		05426D2E1B034840001665A4 /* Supporting Files */ = {
			isa = PBXGroup;
			children = (
				05426D2F1B034840001665A4 /* Info.plist */,
			);
			name = "Supporting Files";
			sourceTree = "<group>";
		};
/* End PBXGroup section */

/* Begin PBXNativeTarget section */
		05426D141B03483F001665A4 /* PracticaSwift */ = {
			isa = PBXNativeTarget;
			buildConfigurationList = 05426D341B034840001665A4 /* Build configuration list for PBXNativeTarget "PracticaSwift" */;
			buildPhases = (
				05426D111B03483F001665A4 /* Sources */,
				05426D121B03483F001665A4 /* Frameworks */,
				05426D131B03483F001665A4 /* Resources */,
			);
			buildRules = (
			);
			dependencies = (
			);
			name = PracticaSwift;
			productName = PracticaSwift;
			productReference = 05426D151B03483F001665A4 /* PracticaSwift.app */;
			productType = "com.apple.product-type.application";
		};
		05426D291B034840001665A4 /* PracticaSwiftTests */ = {
			isa = PBXNativeTarget;
			buildConfigurationList = 05426D371B034840001665A4 /* Build configuration list for PBXNativeTarget "PracticaSwiftTests" */;
			buildPhases = (
				05426D261B034840001665A4 /* Sources */,
				05426D271B034840001665A4 /* Frameworks */,
				05426D281B034840001665A4 /* Resources */,
			);
			buildRules = (
			);
			dependencies = (
				05426D2C1B034840001665A4 /* PBXTargetDependency */,
			);
			name = PracticaSwiftTests;
			productName = PracticaSwiftTests;
			productReference = 05426D2A1B034840001665A4 /* PracticaSwiftTests.xctest */;
			productType = "com.apple.product-type.bundle.unit-test";
		};
/* End PBXNativeTarget section */

/* Begin PBXProject section */
		05426D0D1B03483F001665A4 /* Project object */ = {
			isa = PBXProject;
			attributes = {
				LastUpgradeCheck = 0630;
				ORGANIZATIONNAME = Rafa;
				TargetAttributes = {
					05426D141B03483F001665A4 = {
						CreatedOnToolsVersion = 6.3.1;
					};
					05426D291B034840001665A4 = {
						CreatedOnToolsVersion = 6.3.1;
						TestTargetID = 05426D141B03483F001665A4;
					};
				};
			};
			buildConfigurationList = 05426D101B03483F001665A4 /* Build configuration list for PBXProject "PracticaSwift" */;
			compatibilityVersion = "Xcode 3.2";
			developmentRegion = English;
			hasScannedForEncodings = 0;
			knownRegions = (
				en,
				Base,
			);
			mainGroup = 05426D0C1B03483F001665A4;
			productRefGroup = 05426D161B03483F001665A4 /* Products */;
			projectDirPath = "";
			projectRoot = "";
			targets = (
				05426D141B03483F001665A4 /* PracticaSwift */,
				05426D291B034840001665A4 /* PracticaSwiftTests */,
			);
		};
/* End PBXProject section */

/* Begin PBXResourcesBuildPhase section */
		05426D131B03483F001665A4 /* Resources */ = {
			isa = PBXResourcesBuildPhase;
			buildActionMask = 2147483647;
			files = (
				05426D201B034840001665A4 /* Main.storyboard in Resources */,
				05426D251B034840001665A4 /* LaunchScreen.xib in Resources */,
				05426D221B034840001665A4 /* Images.xcassets in Resources */,
			);
			runOnlyForDeploymentPostprocessing = 0;
		};
		05426D281B034840001665A4 /* Resources */ = {
			isa = PBXResourcesBuildPhase;
			buildActionMask = 2147483647;
			files = (
			);
			runOnlyForDeploymentPostprocessing = 0;
		};
/* End PBXResourcesBuildPhase section */

/* Begin PBXSourcesBuildPhase section */
		05426D111B03483F001665A4 /* Sources */ = {
			isa = PBXSourcesBuildPhase;
			buildActionMask = 2147483647;
			files = (
				05426D1D1B034840001665A4 /* ViewController.swift in Sources */,
				05426D1B1B034840001665A4 /* AppDelegate.swift in Sources */,
			);
			runOnlyForDeploymentPostprocessing = 0;
		};
		05426D261B034840001665A4 /* Sources */ = {
			isa = PBXSourcesBuildPhase;
			buildActionMask = 2147483647;
			files = (
				05426D311B034840001665A4 /* PracticaSwiftTests.swift in Sources */,
			);
			runOnlyForDeploymentPostprocessing = 0;
		};
/* End PBXSourcesBuildPhase section */

/* Begin PBXTargetDependency section */
		05426D2C1B034840001665A4 /* PBXTargetDependency */ = {
			isa = PBXTargetDependency;
			target = 05426D141B03483F001665A4 /* PracticaSwift */;
			targetProxy = 05426D2B1B034840001665A4 /* PBXContainerItemProxy */;
		};
/* End PBXTargetDependency section */

/* Begin PBXVariantGroup section */
		05426D1E1B034840001665A4 /* Main.storyboard */ = {
			isa = PBXVariantGroup;
			children = (
				05426D1F1B034840001665A4 /* Base */,
			);
			name = Main.storyboard;
			sourceTree = "<group>";
		};
		05426D231B034840001665A4 /* LaunchScreen.xib */ = {
			isa = PBXVariantGroup;
			children = (
				05426D241B034840001665A4 /* Base */,
			);
			name = LaunchScreen.xib;
			sourceTree = "<group>";
		};
/* End PBXVariantGroup section */

/* Begin XCBuildConfiguration section */
		05426D321B034840001665A4 /* Debug */ = {
			isa = XCBuildConfiguration;
			buildSettings = {
				ALWAYS_SEARCH_USER_PATHS = NO;
				CLANG_CXX_LANGUAGE_STANDARD = "gnu++0x";
				CLANG_CXX_LIBRARY = "libc++";
				CLANG_ENABLE_MODULES = YES;
				CLANG_ENABLE_OBJC_ARC = YES;
				CLANG_WARN_BOOL_CONVERSION = YES;
				CLANG_WARN_CONSTANT_CONVERSION = YES;
				CLANG_WARN_DIRECT_OBJC_ISA_USAGE = YES_ERROR;
				CLANG_WARN_EMPTY_BODY = YES;
				CLANG_WARN_ENUM_CONVERSION = YES;
				CLANG_WARN_INT_CONVERSION = YES;
				CLANG_WARN_OBJC_ROOT_CLASS = YES_ERROR;
				CLANG_WARN_UNREACHABLE_CODE = YES;
				CLANG_WARN__DUPLICATE_METHOD_MATCH = YES;
				"CODE_SIGN_IDENTITY[sdk=iphoneos*]" = "iPhone Developer";
				COPY_PHASE_STRIP = NO;
				DEBUG_INFORMATION_FORMAT = "dwarf-with-dsym";
				ENABLE_STRICT_OBJC_MSGSEND = YES;
				GCC_C_LANGUAGE_STANDARD = gnu99;
				GCC_DYNAMIC_NO_PIC = NO;
				GCC_NO_COMMON_BLOCKS = YES;
				GCC_OPTIMIZATION_LEVEL = 0;
				GCC_PREPROCESSOR_DEFINITIONS = (
					"DEBUG=1",
					"$(inherited)",
				);
				GCC_SYMBOLS_PRIVATE_EXTERN = NO;
				GCC_WARN_64_TO_32_BIT_CONVERSION = YES;
				GCC_WARN_ABOUT_RETURN_TYPE = YES_ERROR;
				GCC_WARN_UNDECLARED_SELECTOR = YES;
				GCC_WARN_UNINITIALIZED_AUTOS = YES_AGGRESSIVE;
				GCC_WARN_UNUSED_FUNCTION = YES;
				GCC_WARN_UNUSED_VARIABLE = YES;
				IPHONEOS_DEPLOYMENT_TARGET = 8.3;
				MTL_ENABLE_DEBUG_INFO = YES;
				ONLY_ACTIVE_ARCH = YES;
				SDKROOT = iphoneos;
				SWIFT_OPTIMIZATION_LEVEL = "-Onone";
				TARGETED_DEVICE_FAMILY = "1,2";
			};
			name = Debug;
		};
		05426D331B034840001665A4 /* Release */ = {
			isa = XCBuildConfiguration;
			buildSettings = {
				ALWAYS_SEARCH_USER_PATHS = NO;
				CLANG_CXX_LANGUAGE_STANDARD = "gnu++0x";
				CLANG_CXX_LIBRARY = "libc++";
				CLANG_ENABLE_MODULES = YES;
				CLANG_ENABLE_OBJC_ARC = YES;
				CLANG_WARN_BOOL_CONVERSION = YES;
				CLANG_WARN_CONSTANT_CONVERSION = YES;
				CLANG_WARN_DIRECT_OBJC_ISA_USAGE = YES_ERROR;
				CLANG_WARN_EMPTY_BODY = YES;
				CLANG_WARN_ENUM_CONVERSION = YES;
				CLANG_WARN_INT_CONVERSION = YES;
				CLANG_WARN_OBJC_ROOT_CLASS = YES_ERROR;
				CLANG_WARN_UNREACHABLE_CODE = YES;
				CLANG_WARN__DUPLICATE_METHOD_MATCH = YES;
				"CODE_SIGN_IDENTITY[sdk=iphoneos*]" = "iPhone Developer";
				COPY_PHASE_STRIP = NO;
				DEBUG_INFORMATION_FORMAT = "dwarf-with-dsym";
				ENABLE_NS_ASSERTIONS = NO;
				ENABLE_STRICT_OBJC_MSGSEND = YES;
				GCC_C_LANGUAGE_STANDARD = gnu99;
				GCC_NO_COMMON_BLOCKS = YES;
				GCC_WARN_64_TO_32_BIT_CONVERSION = YES;
				GCC_WARN_ABOUT_RETURN_TYPE = YES_ERROR;
				GCC_WARN_UNDECLARED_SELECTOR = YES;
				GCC_WARN_UNINITIALIZED_AUTOS = YES_AGGRESSIVE;
				GCC_WARN_UNUSED_FUNCTION = YES;
				GCC_WARN_UNUSED_VARIABLE = YES;
				IPHONEOS_DEPLOYMENT_TARGET = 8.3;
				MTL_ENABLE_DEBUG_INFO = NO;
				SDKROOT = iphoneos;
				TARGETED_DEVICE_FAMILY = "1,2";
				VALIDATE_PRODUCT = YES;
			};
			name = Release;
		};
		05426D351B034840001665A4 /* Debug */ = {
			isa = XCBuildConfiguration;
			buildSettings = {
				ASSETCATALOG_COMPILER_APPICON_NAME = AppIcon;
				INFOPLIST_FILE = PracticaSwift/Info.plist;
				LD_RUNPATH_SEARCH_PATHS = "$(inherited) @executable_path/Frameworks";
				PRODUCT_NAME = "$(TARGET_NAME)";
			};
			name = Debug;
		};
		05426D361B034840001665A4 /* Release */ = {
			isa = XCBuildConfiguration;
			buildSettings = {
				ASSETCATALOG_COMPILER_APPICON_NAME = AppIcon;
				INFOPLIST_FILE = PracticaSwift/Info.plist;
				LD_RUNPATH_SEARCH_PATHS = "$(inherited) @executable_path/Frameworks";
				PRODUCT_NAME = "$(TARGET_NAME)";
			};
			name = Release;
		};
		05426D381B034840001665A4 /* Debug */ = {
			isa = XCBuildConfiguration;
			buildSettings = {
				BUNDLE_LOADER = "$(TEST_HOST)";
				FRAMEWORK_SEARCH_PATHS = (
					"$(SDKROOT)/Developer/Library/Frameworks",
					"$(inherited)",
				);
				GCC_PREPROCESSOR_DEFINITIONS = (
					"DEBUG=1",
					"$(inherited)",
				);
				INFOPLIST_FILE = PracticaSwiftTests/Info.plist;
				LD_RUNPATH_SEARCH_PATHS = "$(inherited) @executable_path/Frameworks @loader_path/Frameworks";
				PRODUCT_NAME = "$(TARGET_NAME)";
				TEST_HOST = "$(BUILT_PRODUCTS_DIR)/PracticaSwift.app/PracticaSwift";
			};
			name = Debug;
		};
		05426D391B034840001665A4 /* Release */ = {
			isa = XCBuildConfiguration;
			buildSettings = {
				BUNDLE_LOADER = "$(TEST_HOST)";
				FRAMEWORK_SEARCH_PATHS = (
					"$(SDKROOT)/Developer/Library/Frameworks",
					"$(inherited)",
				);
				INFOPLIST_FILE = PracticaSwiftTests/Info.plist;
				LD_RUNPATH_SEARCH_PATHS = "$(inherited) @executable_path/Frameworks @loader_path/Frameworks";
				PRODUCT_NAME = "$(TARGET_NAME)";
				TEST_HOST = "$(BUILT_PRODUCTS_DIR)/PracticaSwift.app/PracticaSwift";
			};
			name = Release;
		};
/* End XCBuildConfiguration section */

/* Begin XCConfigurationList section */
		05426D101B03483F001665A4 /* Build configuration list for PBXProject "PracticaSwift" */ = {
			isa = XCConfigurationList;
			buildConfigurations = (
				05426D321B034840001665A4 /* Debug */,
				05426D331B034840001665A4 /* Release */,
			);
			defaultConfigurationIsVisible = 0;
			defaultConfigurationName = Release;
		};
		05426D341B034840001665A4 /* Build configuration list for PBXNativeTarget "PracticaSwift" */ = {
			isa = XCConfigurationList;
			buildConfigurations = (
				05426D351B034840001665A4 /* Debug */,
				05426D361B034840001665A4 /* Release */,
			);
			defaultConfigurationIsVisible = 0;
		};
		05426D371B034840001665A4 /* Build configuration list for PBXNativeTarget "PracticaSwiftTests" */ = {
			isa = XCConfigurationList;
			buildConfigurations = (
				05426D381B034840001665A4 /* Debug */,
				05426D391B034840001665A4 /* Release */,
			);
			defaultConfigurationIsVisible = 0;
		};
/* End XCConfigurationList section */
	};
	rootObject = 05426D0D1B03483F001665A4 /* Project object */;
}
